
Microsoft Visual Studio Solution File, Format Version 12.00
# Visual Studio Version 17
VisualStudioVersion = 17.12.35506.116 d17.12
MinimumVisualStudioVersion = 10.0.40219.1
Project("{FAE04EC0-301F-11D3-BF4B-00C04F79EFBC}") = "REManagementBusiness", "RentalEquipmentManagementSystem\REManagementBusiness.csproj", "{35E4ACE1-3E57-4E6A-84B1-C3CB20BC2D46}"
EndProject
Project("{FAE04EC0-301F-11D3-BF4B-00C04F79EFBC}") = "ERManagementApp", "ERManagementApp\ERManagementApp.csproj", "{26683728-31D2-4EE3-A032-132023CF5718}"
EndProject
Global
	GlobalSection(SolutionConfigurationPlatforms) = preSolution
		Debug|Any CPU = Debug|Any CPU
		Release|Any CPU = Release|Any CPU
	EndGlobalSection
	GlobalSection(ProjectConfigurationPlatforms) = postSolution
		{35E4ACE1-3E57-4E6A-84B1-C3CB20BC2D46}.Debug|Any CPU.ActiveCfg = Debug|Any CPU
		{35E4ACE1-3E57-4E6A-84B1-C3CB20BC2D46}.Debug|Any CPU.Build.0 = Debug|Any CPU
		{35E4ACE1-3E57-4E6A-84B1-C3CB20BC2D46}.Release|Any CPU.ActiveCfg = Release|Any CPU
		{35E4ACE1-3E57-4E6A-84B1-C3CB20BC2D46}.Release|Any CPU.Build.0 = Release|Any CPU
		{26683728-31D2-4EE3-A032-132023CF5718}.Debug|Any CPU.ActiveCfg = Debug|Any CPU
		{26683728-31D2-4EE3-A032-132023CF5718}.Debug|Any CPU.Build.0 = Debug|Any CPU
		{26683728-31D2-4EE3-A032-132023CF5718}.Release|Any CPU.ActiveCfg = Release|Any CPU
		{26683728-31D2-4EE3-A032-132023CF5718}.Release|Any CPU.Build.0 = Release|Any CPU
	EndGlobalSection
	GlobalSection(SolutionProperties) = preSolution
		HideSolutionNode = FALSE
	EndGlobalSection
EndGlobal
